// !$*UTF8*$!
{
	archiveVersion = 1;
	classes = {
	};
	objectVersion = 56;
	objects = {

/* Begin PBXBuildFile section */
		EC1685D72BC85A57009B4DDC /* BoardGameHeroApp.swift in Sources */ = {isa = PBXBuildFile; fileRef = EC1685D62BC85A57009B4DDC /* BoardGameHeroApp.swift */; };
		EC1685DB2BC85A58009B4DDC /* Assets.xcassets in Resources */ = {isa = PBXBuildFile; fileRef = EC1685DA2BC85A58009B4DDC /* Assets.xcassets */; };
		EC1685DF2BC85A58009B4DDC /* Preview Assets.xcassets in Resources */ = {isa = PBXBuildFile; fileRef = EC1685DE2BC85A58009B4DDC /* Preview Assets.xcassets */; };
		EC1685E92BC85A58009B4DDC /* BoardGameHeroTests.swift in Sources */ = {isa = PBXBuildFile; fileRef = EC1685E82BC85A58009B4DDC /* BoardGameHeroTests.swift */; };
		EC1685F32BC85A58009B4DDC /* BoardGameHeroUITests.swift in Sources */ = {isa = PBXBuildFile; fileRef = EC1685F22BC85A58009B4DDC /* BoardGameHeroUITests.swift */; };
		EC1685F52BC85A58009B4DDC /* BoardGameHeroUITestsLaunchTests.swift in Sources */ = {isa = PBXBuildFile; fileRef = EC1685F42BC85A58009B4DDC /* BoardGameHeroUITestsLaunchTests.swift */; };
		EC16860B2BC85B69009B4DDC /* GameDetail.swift in Sources */ = {isa = PBXBuildFile; fileRef = EC16860A2BC85B69009B4DDC /* GameDetail.swift */; };
		EC16860F2BC85B88009B4DDC /* GameView.swift in Sources */ = {isa = PBXBuildFile; fileRef = EC16860C2BC85B88009B4DDC /* GameView.swift */; };
		EC1686102BC85B88009B4DDC /* GameEdit.swift in Sources */ = {isa = PBXBuildFile; fileRef = EC16860D2BC85B88009B4DDC /* GameEdit.swift */; };
		EC1686112BC85B88009B4DDC /* GamesView.swift in Sources */ = {isa = PBXBuildFile; fileRef = EC16860E2BC85B88009B4DDC /* GamesView.swift */; };
		EC1686132BC85B94009B4DDC /* LabelTrailingIcon.swift in Sources */ = {isa = PBXBuildFile; fileRef = EC1686122BC85B94009B4DDC /* LabelTrailingIcon.swift */; };
		EC1686152BC85BA6009B4DDC /* Date.swift in Sources */ = {isa = PBXBuildFile; fileRef = EC1686142BC85BA6009B4DDC /* Date.swift */; };
		EC1686172BC85BAE009B4DDC /* Game.swift in Sources */ = {isa = PBXBuildFile; fileRef = EC1686162BC85BAE009B4DDC /* Game.swift */; };
/* End PBXBuildFile section */

/* Begin PBXContainerItemProxy section */
		EC1685E52BC85A58009B4DDC /* PBXContainerItemProxy */ = {
			isa = PBXContainerItemProxy;
			containerPortal = EC1685CB2BC85A57009B4DDC /* Project object */;
			proxyType = 1;
			remoteGlobalIDString = EC1685D22BC85A57009B4DDC;
			remoteInfo = BoardGameHero;
		};
		EC1685EF2BC85A58009B4DDC /* PBXContainerItemProxy */ = {
			isa = PBXContainerItemProxy;
			containerPortal = EC1685CB2BC85A57009B4DDC /* Project object */;
			proxyType = 1;
			remoteGlobalIDString = EC1685D22BC85A57009B4DDC;
			remoteInfo = BoardGameHero;
		};
/* End PBXContainerItemProxy section */

/* Begin PBXFileReference section */
		EC1685D32BC85A57009B4DDC /* BoardGameHero.app */ = {isa = PBXFileReference; explicitFileType = wrapper.application; includeInIndex = 0; path = BoardGameHero.app; sourceTree = BUILT_PRODUCTS_DIR; };
		EC1685D62BC85A57009B4DDC /* BoardGameHeroApp.swift */ = {isa = PBXFileReference; lastKnownFileType = sourcecode.swift; path = BoardGameHeroApp.swift; sourceTree = "<group>"; };
		EC1685DA2BC85A58009B4DDC /* Assets.xcassets */ = {isa = PBXFileReference; lastKnownFileType = folder.assetcatalog; path = Assets.xcassets; sourceTree = "<group>"; };
		EC1685DC2BC85A58009B4DDC /* BoardGameHero.entitlements */ = {isa = PBXFileReference; lastKnownFileType = text.plist.entitlements; path = BoardGameHero.entitlements; sourceTree = "<group>"; };
		EC1685DE2BC85A58009B4DDC /* Preview Assets.xcassets */ = {isa = PBXFileReference; lastKnownFileType = folder.assetcatalog; path = "Preview Assets.xcassets"; sourceTree = "<group>"; };
		EC1685E42BC85A58009B4DDC /* BoardGameHeroTests.xctest */ = {isa = PBXFileReference; explicitFileType = wrapper.cfbundle; includeInIndex = 0; path = BoardGameHeroTests.xctest; sourceTree = BUILT_PRODUCTS_DIR; };
		EC1685E82BC85A58009B4DDC /* BoardGameHeroTests.swift */ = {isa = PBXFileReference; lastKnownFileType = sourcecode.swift; path = BoardGameHeroTests.swift; sourceTree = "<group>"; };
		EC1685EE2BC85A58009B4DDC /* BoardGameHeroUITests.xctest */ = {isa = PBXFileReference; explicitFileType = wrapper.cfbundle; includeInIndex = 0; path = BoardGameHeroUITests.xctest; sourceTree = BUILT_PRODUCTS_DIR; };
		EC1685F22BC85A58009B4DDC /* BoardGameHeroUITests.swift */ = {isa = PBXFileReference; lastKnownFileType = sourcecode.swift; path = BoardGameHeroUITests.swift; sourceTree = "<group>"; };
		EC1685F42BC85A58009B4DDC /* BoardGameHeroUITestsLaunchTests.swift */ = {isa = PBXFileReference; lastKnownFileType = sourcecode.swift; path = BoardGameHeroUITestsLaunchTests.swift; sourceTree = "<group>"; };
		EC16860A2BC85B69009B4DDC /* GameDetail.swift */ = {isa = PBXFileReference; fileEncoding = 4; lastKnownFileType = sourcecode.swift; path = GameDetail.swift; sourceTree = "<group>"; };
		EC16860C2BC85B88009B4DDC /* GameView.swift */ = {isa = PBXFileReference; fileEncoding = 4; lastKnownFileType = sourcecode.swift; path = GameView.swift; sourceTree = "<group>"; };
		EC16860D2BC85B88009B4DDC /* GameEdit.swift */ = {isa = PBXFileReference; fileEncoding = 4; lastKnownFileType = sourcecode.swift; path = GameEdit.swift; sourceTree = "<group>"; };
		EC16860E2BC85B88009B4DDC /* GamesView.swift */ = {isa = PBXFileReference; fileEncoding = 4; lastKnownFileType = sourcecode.swift; path = GamesView.swift; sourceTree = "<group>"; };
		EC1686122BC85B94009B4DDC /* LabelTrailingIcon.swift */ = {isa = PBXFileReference; fileEncoding = 4; lastKnownFileType = sourcecode.swift; path = LabelTrailingIcon.swift; sourceTree = "<group>"; };
		EC1686142BC85BA6009B4DDC /* Date.swift */ = {isa = PBXFileReference; fileEncoding = 4; lastKnownFileType = sourcecode.swift; path = Date.swift; sourceTree = "<group>"; };
		EC1686162BC85BAE009B4DDC /* Game.swift */ = {isa = PBXFileReference; fileEncoding = 4; lastKnownFileType = sourcecode.swift; path = Game.swift; sourceTree = "<group>"; };
/* End PBXFileReference section */

/* Begin PBXFrameworksBuildPhase section */
		EC1685D02BC85A57009B4DDC /* Frameworks */ = {
			isa = PBXFrameworksBuildPhase;
			buildActionMask = 2147483647;
			files = (
			);
			runOnlyForDeploymentPostprocessing = 0;
		};
		EC1685E12BC85A58009B4DDC /* Frameworks */ = {
			isa = PBXFrameworksBuildPhase;
			buildActionMask = 2147483647;
			files = (
			);
			runOnlyForDeploymentPostprocessing = 0;
		};
		EC1685EB2BC85A58009B4DDC /* Frameworks */ = {
			isa = PBXFrameworksBuildPhase;
			buildActionMask = 2147483647;
			files = (
			);
			runOnlyForDeploymentPostprocessing = 0;
		};
/* End PBXFrameworksBuildPhase section */

/* Begin PBXGroup section */
		EC1685CA2BC85A57009B4DDC = {
			isa = PBXGroup;
			children = (
				EC1685D52BC85A57009B4DDC /* BoardGameHero */,
				EC1685E72BC85A58009B4DDC /* BoardGameHeroTests */,
				EC1685F12BC85A58009B4DDC /* BoardGameHeroUITests */,
				EC1685D42BC85A57009B4DDC /* Products */,
			);
			sourceTree = "<group>";
		};
		EC1685D42BC85A57009B4DDC /* Products */ = {
			isa = PBXGroup;
			children = (
				EC1685D32BC85A57009B4DDC /* BoardGameHero.app */,
				EC1685E42BC85A58009B4DDC /* BoardGameHeroTests.xctest */,
				EC1685EE2BC85A58009B4DDC /* BoardGameHeroUITests.xctest */,
			);
			name = Products;
			sourceTree = "<group>";
		};
		EC1685D52BC85A57009B4DDC /* BoardGameHero */ = {
			isa = PBXGroup;
			children = (
				EC1686062BC85B0B009B4DDC /* Views */,
				EC1686012BC85ABC009B4DDC /* Models */,
				EC1685D62BC85A57009B4DDC /* BoardGameHeroApp.swift */,
				EC1685DA2BC85A58009B4DDC /* Assets.xcassets */,
				EC1685DC2BC85A58009B4DDC /* BoardGameHero.entitlements */,
				EC1685DD2BC85A58009B4DDC /* Preview Content */,
			);
			path = BoardGameHero;
			sourceTree = "<group>";
		};
		EC1685DD2BC85A58009B4DDC /* Preview Content */ = {
			isa = PBXGroup;
			children = (
				EC1685DE2BC85A58009B4DDC /* Preview Assets.xcassets */,
			);
			path = "Preview Content";
			sourceTree = "<group>";
		};
		EC1685E72BC85A58009B4DDC /* BoardGameHeroTests */ = {
			isa = PBXGroup;
			children = (
				EC1685E82BC85A58009B4DDC /* BoardGameHeroTests.swift */,
			);
			path = BoardGameHeroTests;
			sourceTree = "<group>";
		};
		EC1685F12BC85A58009B4DDC /* BoardGameHeroUITests */ = {
			isa = PBXGroup;
			children = (
				EC1685F22BC85A58009B4DDC /* BoardGameHeroUITests.swift */,
				EC1685F42BC85A58009B4DDC /* BoardGameHeroUITestsLaunchTests.swift */,
			);
			path = BoardGameHeroUITests;
			sourceTree = "<group>";
		};
		EC1686012BC85ABC009B4DDC /* Models */ = {
			isa = PBXGroup;
			children = (
				EC1686162BC85BAE009B4DDC /* Game.swift */,
				EC1686142BC85BA6009B4DDC /* Date.swift */,
			);
			path = Models;
			sourceTree = "<group>";
		};
		EC1686062BC85B0B009B4DDC /* Views */ = {
			isa = PBXGroup;
			children = (
				EC1686122BC85B94009B4DDC /* LabelTrailingIcon.swift */,
				EC1686092BC85B45009B4DDC /* Game */,
			);
			path = Views;
			sourceTree = "<group>";
		};
		EC1686092BC85B45009B4DDC /* Game */ = {
			isa = PBXGroup;
			children = (
				EC16860D2BC85B88009B4DDC /* GameEdit.swift */,
				EC16860E2BC85B88009B4DDC /* GamesView.swift */,
				EC16860C2BC85B88009B4DDC /* GameView.swift */,
				EC16860A2BC85B69009B4DDC /* GameDetail.swift */,
			);
			path = Game;
			sourceTree = "<group>";
		};
/* End PBXGroup section */

/* Begin PBXNativeTarget section */
		EC1685D22BC85A57009B4DDC /* BoardGameHero */ = {
			isa = PBXNativeTarget;
			buildConfigurationList = EC1685F82BC85A58009B4DDC /* Build configuration list for PBXNativeTarget "BoardGameHero" */;
			buildPhases = (
				EC1685CF2BC85A57009B4DDC /* Sources */,
				EC1685D02BC85A57009B4DDC /* Frameworks */,
				EC1685D12BC85A57009B4DDC /* Resources */,
			);
			buildRules = (
			);
			dependencies = (
			);
			name = BoardGameHero;
			productName = BoardGameHero;
			productReference = EC1685D32BC85A57009B4DDC /* BoardGameHero.app */;
			productType = "com.apple.product-type.application";
		};
		EC1685E32BC85A58009B4DDC /* BoardGameHeroTests */ = {
			isa = PBXNativeTarget;
			buildConfigurationList = EC1685FB2BC85A58009B4DDC /* Build configuration list for PBXNativeTarget "BoardGameHeroTests" */;
			buildPhases = (
				EC1685E02BC85A58009B4DDC /* Sources */,
				EC1685E12BC85A58009B4DDC /* Frameworks */,
				EC1685E22BC85A58009B4DDC /* Resources */,
			);
			buildRules = (
			);
			dependencies = (
				EC1685E62BC85A58009B4DDC /* PBXTargetDependency */,
			);
			name = BoardGameHeroTests;
			productName = BoardGameHeroTests;
			productReference = EC1685E42BC85A58009B4DDC /* BoardGameHeroTests.xctest */;
			productType = "com.apple.product-type.bundle.unit-test";
		};
		EC1685ED2BC85A58009B4DDC /* BoardGameHeroUITests */ = {
			isa = PBXNativeTarget;
			buildConfigurationList = EC1685FE2BC85A58009B4DDC /* Build configuration list for PBXNativeTarget "BoardGameHeroUITests" */;
			buildPhases = (
				EC1685EA2BC85A58009B4DDC /* Sources */,
				EC1685EB2BC85A58009B4DDC /* Frameworks */,
				EC1685EC2BC85A58009B4DDC /* Resources */,
			);
			buildRules = (
			);
			dependencies = (
				EC1685F02BC85A58009B4DDC /* PBXTargetDependency */,
			);
			name = BoardGameHeroUITests;
			productName = BoardGameHeroUITests;
			productReference = EC1685EE2BC85A58009B4DDC /* BoardGameHeroUITests.xctest */;
			productType = "com.apple.product-type.bundle.ui-testing";
		};
/* End PBXNativeTarget section */

/* Begin PBXProject section */
		EC1685CB2BC85A57009B4DDC /* Project object */ = {
			isa = PBXProject;
			attributes = {
				BuildIndependentTargetsInParallel = 1;
				LastSwiftUpdateCheck = 1430;
				LastUpgradeCheck = 1430;
				TargetAttributes = {
					EC1685D22BC85A57009B4DDC = {
						CreatedOnToolsVersion = 14.3.1;
					};
					EC1685E32BC85A58009B4DDC = {
						CreatedOnToolsVersion = 14.3.1;
						TestTargetID = EC1685D22BC85A57009B4DDC;
					};
					EC1685ED2BC85A58009B4DDC = {
						CreatedOnToolsVersion = 14.3.1;
						TestTargetID = EC1685D22BC85A57009B4DDC;
					};
				};
			};
			buildConfigurationList = EC1685CE2BC85A57009B4DDC /* Build configuration list for PBXProject "BoardGameHero" */;
			compatibilityVersion = "Xcode 14.0";
			developmentRegion = en;
			hasScannedForEncodings = 0;
			knownRegions = (
				en,
				Base,
			);
			mainGroup = EC1685CA2BC85A57009B4DDC;
			productRefGroup = EC1685D42BC85A57009B4DDC /* Products */;
			projectDirPath = "";
			projectRoot = "";
			targets = (
				EC1685D22BC85A57009B4DDC /* BoardGameHero */,
				EC1685E32BC85A58009B4DDC /* BoardGameHeroTests */,
				EC1685ED2BC85A58009B4DDC /* BoardGameHeroUITests */,
			);
		};
/* End PBXProject section */

/* Begin PBXResourcesBuildPhase section */
		EC1685D12BC85A57009B4DDC /* Resources */ = {
			isa = PBXResourcesBuildPhase;
			buildActionMask = 2147483647;
			files = (
				EC1685DF2BC85A58009B4DDC /* Preview Assets.xcassets in Resources */,
				EC1685DB2BC85A58009B4DDC /* Assets.xcassets in Resources */,
			);
			runOnlyForDeploymentPostprocessing = 0;
		};
		EC1685E22BC85A58009B4DDC /* Resources */ = {
			isa = PBXResourcesBuildPhase;
			buildActionMask = 2147483647;
			files = (
			);
			runOnlyForDeploymentPostprocessing = 0;
		};
		EC1685EC2BC85A58009B4DDC /* Resources */ = {
			isa = PBXResourcesBuildPhase;
			buildActionMask = 2147483647;
			files = (
			);
			runOnlyForDeploymentPostprocessing = 0;
		};
/* End PBXResourcesBuildPhase section */

/* Begin PBXSourcesBuildPhase section */
		EC1685CF2BC85A57009B4DDC /* Sources */ = {
			isa = PBXSourcesBuildPhase;
			buildActionMask = 2147483647;
			files = (
				EC1686112BC85B88009B4DDC /* GamesView.swift in Sources */,
				EC1686172BC85BAE009B4DDC /* Game.swift in Sources */,
				EC16860B2BC85B69009B4DDC /* GameDetail.swift in Sources */,
				EC1686152BC85BA6009B4DDC /* Date.swift in Sources */,
				EC16860F2BC85B88009B4DDC /* GameView.swift in Sources */,
				EC1685D72BC85A57009B4DDC /* BoardGameHeroApp.swift in Sources */,
				EC1686132BC85B94009B4DDC /* LabelTrailingIcon.swift in Sources */,
				EC1686102BC85B88009B4DDC /* GameEdit.swift in Sources */,
			);
			runOnlyForDeploymentPostprocessing = 0;
		};
		EC1685E02BC85A58009B4DDC /* Sources */ = {
			isa = PBXSourcesBuildPhase;
			buildActionMask = 2147483647;
			files = (
				EC1685E92BC85A58009B4DDC /* BoardGameHeroTests.swift in Sources */,
			);
			runOnlyForDeploymentPostprocessing = 0;
		};
		EC1685EA2BC85A58009B4DDC /* Sources */ = {
			isa = PBXSourcesBuildPhase;
			buildActionMask = 2147483647;
			files = (
				EC1685F32BC85A58009B4DDC /* BoardGameHeroUITests.swift in Sources */,
				EC1685F52BC85A58009B4DDC /* BoardGameHeroUITestsLaunchTests.swift in Sources */,
			);
			runOnlyForDeploymentPostprocessing = 0;
		};
/* End PBXSourcesBuildPhase section */

/* Begin PBXTargetDependency section */
		EC1685E62BC85A58009B4DDC /* PBXTargetDependency */ = {
			isa = PBXTargetDependency;
			target = EC1685D22BC85A57009B4DDC /* BoardGameHero */;
			targetProxy = EC1685E52BC85A58009B4DDC /* PBXContainerItemProxy */;
		};
		EC1685F02BC85A58009B4DDC /* PBXTargetDependency */ = {
			isa = PBXTargetDependency;
			target = EC1685D22BC85A57009B4DDC /* BoardGameHero */;
			targetProxy = EC1685EF2BC85A58009B4DDC /* PBXContainerItemProxy */;
		};
/* End PBXTargetDependency section */

/* Begin XCBuildConfiguration section */
		EC1685F62BC85A58009B4DDC /* Debug */ = {
			isa = XCBuildConfiguration;
			buildSettings = {
				ALWAYS_SEARCH_USER_PATHS = NO;
				CLANG_ANALYZER_NONNULL = YES;
				CLANG_ANALYZER_NUMBER_OBJECT_CONVERSION = YES_AGGRESSIVE;
				CLANG_CXX_LANGUAGE_STANDARD = "gnu++20";
				CLANG_ENABLE_MODULES = YES;
				CLANG_ENABLE_OBJC_ARC = YES;
				CLANG_ENABLE_OBJC_WEAK = YES;
				CLANG_WARN_BLOCK_CAPTURE_AUTORELEASING = YES;
				CLANG_WARN_BOOL_CONVERSION = YES;
				CLANG_WARN_COMMA = YES;
				CLANG_WARN_CONSTANT_CONVERSION = YES;
				CLANG_WARN_DEPRECATED_OBJC_IMPLEMENTATIONS = YES;
				CLANG_WARN_DIRECT_OBJC_ISA_USAGE = YES_ERROR;
				CLANG_WARN_DOCUMENTATION_COMMENTS = YES;
				CLANG_WARN_EMPTY_BODY = YES;
				CLANG_WARN_ENUM_CONVERSION = YES;
				CLANG_WARN_INFINITE_RECURSION = YES;
				CLANG_WARN_INT_CONVERSION = YES;
				CLANG_WARN_NON_LITERAL_NULL_CONVERSION = YES;
				CLANG_WARN_OBJC_IMPLICIT_RETAIN_SELF = YES;
				CLANG_WARN_OBJC_LITERAL_CONVERSION = YES;
				CLANG_WARN_OBJC_ROOT_CLASS = YES_ERROR;
				CLANG_WARN_QUOTED_INCLUDE_IN_FRAMEWORK_HEADER = YES;
				CLANG_WARN_RANGE_LOOP_ANALYSIS = YES;
				CLANG_WARN_STRICT_PROTOTYPES = YES;
				CLANG_WARN_SUSPICIOUS_MOVE = YES;
				CLANG_WARN_UNGUARDED_AVAILABILITY = YES_AGGRESSIVE;
				CLANG_WARN_UNREACHABLE_CODE = YES;
				CLANG_WARN__DUPLICATE_METHOD_MATCH = YES;
				COPY_PHASE_STRIP = NO;
				DEBUG_INFORMATION_FORMAT = dwarf;
				ENABLE_STRICT_OBJC_MSGSEND = YES;
				ENABLE_TESTABILITY = YES;
				GCC_C_LANGUAGE_STANDARD = gnu11;
				GCC_DYNAMIC_NO_PIC = NO;
				GCC_NO_COMMON_BLOCKS = YES;
				GCC_OPTIMIZATION_LEVEL = 0;
				GCC_PREPROCESSOR_DEFINITIONS = (
					"DEBUG=1",
					"$(inherited)",
				);
				GCC_WARN_64_TO_32_BIT_CONVERSION = YES;
				GCC_WARN_ABOUT_RETURN_TYPE = YES_ERROR;
				GCC_WARN_UNDECLARED_SELECTOR = YES;
				GCC_WARN_UNINITIALIZED_AUTOS = YES_AGGRESSIVE;
				GCC_WARN_UNUSED_FUNCTION = YES;
				GCC_WARN_UNUSED_VARIABLE = YES;
				MTL_ENABLE_DEBUG_INFO = INCLUDE_SOURCE;
				MTL_FAST_MATH = YES;
				ONLY_ACTIVE_ARCH = YES;
				SWIFT_ACTIVE_COMPILATION_CONDITIONS = DEBUG;
				SWIFT_OPTIMIZATION_LEVEL = "-Onone";
			};
			name = Debug;
		};
		EC1685F72BC85A58009B4DDC /* Release */ = {
			isa = XCBuildConfiguration;
			buildSettings = {
				ALWAYS_SEARCH_USER_PATHS = NO;
				CLANG_ANALYZER_NONNULL = YES;
				CLANG_ANALYZER_NUMBER_OBJECT_CONVERSION = YES_AGGRESSIVE;
				CLANG_CXX_LANGUAGE_STANDARD = "gnu++20";
				CLANG_ENABLE_MODULES = YES;
				CLANG_ENABLE_OBJC_ARC = YES;
				CLANG_ENABLE_OBJC_WEAK = YES;
				CLANG_WARN_BLOCK_CAPTURE_AUTORELEASING = YES;
				CLANG_WARN_BOOL_CONVERSION = YES;
				CLANG_WARN_COMMA = YES;
				CLANG_WARN_CONSTANT_CONVERSION = YES;
				CLANG_WARN_DEPRECATED_OBJC_IMPLEMENTATIONS = YES;
				CLANG_WARN_DIRECT_OBJC_ISA_USAGE = YES_ERROR;
				CLANG_WARN_DOCUMENTATION_COMMENTS = YES;
				CLANG_WARN_EMPTY_BODY = YES;
				CLANG_WARN_ENUM_CONVERSION = YES;
				CLANG_WARN_INFINITE_RECURSION = YES;
				CLANG_WARN_INT_CONVERSION = YES;
				CLANG_WARN_NON_LITERAL_NULL_CONVERSION = YES;
				CLANG_WARN_OBJC_IMPLICIT_RETAIN_SELF = YES;
				CLANG_WARN_OBJC_LITERAL_CONVERSION = YES;
				CLANG_WARN_OBJC_ROOT_CLASS = YES_ERROR;
				CLANG_WARN_QUOTED_INCLUDE_IN_FRAMEWORK_HEADER = YES;
				CLANG_WARN_RANGE_LOOP_ANALYSIS = YES;
				CLANG_WARN_STRICT_PROTOTYPES = YES;
				CLANG_WARN_SUSPICIOUS_MOVE = YES;
				CLANG_WARN_UNGUARDED_AVAILABILITY = YES_AGGRESSIVE;
				CLANG_WARN_UNREACHABLE_CODE = YES;
				CLANG_WARN__DUPLICATE_METHOD_MATCH = YES;
				COPY_PHASE_STRIP = NO;
				DEBUG_INFORMATION_FORMAT = "dwarf-with-dsym";
				ENABLE_NS_ASSERTIONS = NO;
				ENABLE_STRICT_OBJC_MSGSEND = YES;
				GCC_C_LANGUAGE_STANDARD = gnu11;
				GCC_NO_COMMON_BLOCKS = YES;
				GCC_WARN_64_TO_32_BIT_CONVERSION = YES;
				GCC_WARN_ABOUT_RETURN_TYPE = YES_ERROR;
				GCC_WARN_UNDECLARED_SELECTOR = YES;
				GCC_WARN_UNINITIALIZED_AUTOS = YES_AGGRESSIVE;
				GCC_WARN_UNUSED_FUNCTION = YES;
				GCC_WARN_UNUSED_VARIABLE = YES;
				MTL_ENABLE_DEBUG_INFO = NO;
				MTL_FAST_MATH = YES;
				SWIFT_COMPILATION_MODE = wholemodule;
				SWIFT_OPTIMIZATION_LEVEL = "-O";
			};
			name = Release;
		};
		EC1685F92BC85A58009B4DDC /* Debug */ = {
			isa = XCBuildConfiguration;
			buildSettings = {
				ASSETCATALOG_COMPILER_APPICON_NAME = AppIcon;
				ASSETCATALOG_COMPILER_GLOBAL_ACCENT_COLOR_NAME = AccentColor;
				CODE_SIGN_ENTITLEMENTS = BoardGameHero/BoardGameHero.entitlements;
				CODE_SIGN_STYLE = Automatic;
				CURRENT_PROJECT_VERSION = 1;
				DEVELOPMENT_ASSET_PATHS = "\"BoardGameHero/Preview Content\"";
				ENABLE_PREVIEWS = YES;
				GENERATE_INFOPLIST_FILE = YES;
				"INFOPLIST_KEY_UIApplicationSceneManifest_Generation[sdk=iphoneos*]" = YES;
				"INFOPLIST_KEY_UIApplicationSceneManifest_Generation[sdk=iphonesimulator*]" = YES;
				"INFOPLIST_KEY_UIApplicationSupportsIndirectInputEvents[sdk=iphoneos*]" = YES;
				"INFOPLIST_KEY_UIApplicationSupportsIndirectInputEvents[sdk=iphonesimulator*]" = YES;
				"INFOPLIST_KEY_UILaunchScreen_Generation[sdk=iphoneos*]" = YES;
				"INFOPLIST_KEY_UILaunchScreen_Generation[sdk=iphonesimulator*]" = YES;
				"INFOPLIST_KEY_UIStatusBarStyle[sdk=iphoneos*]" = UIStatusBarStyleDefault;
				"INFOPLIST_KEY_UIStatusBarStyle[sdk=iphonesimulator*]" = UIStatusBarStyleDefault;
				INFOPLIST_KEY_UISupportedInterfaceOrientations_iPad = "UIInterfaceOrientationPortrait UIInterfaceOrientationPortraitUpsideDown UIInterfaceOrientationLandscapeLeft UIInterfaceOrientationLandscapeRight";
				INFOPLIST_KEY_UISupportedInterfaceOrientations_iPhone = "UIInterfaceOrientationPortrait UIInterfaceOrientationLandscapeLeft UIInterfaceOrientationLandscapeRight";
				IPHONEOS_DEPLOYMENT_TARGET = 16.4;
				LD_RUNPATH_SEARCH_PATHS = "@executable_path/Frameworks";
				"LD_RUNPATH_SEARCH_PATHS[sdk=macosx*]" = "@executable_path/../Frameworks";
				MACOSX_DEPLOYMENT_TARGET = 13.3;
				MARKETING_VERSION = 1.0;
				PRODUCT_BUNDLE_IDENTIFIER = smann.BoardGameHero;
				PRODUCT_NAME = "$(TARGET_NAME)";
				SDKROOT = auto;
				SUPPORTED_PLATFORMS = "iphoneos iphonesimulator macosx";
				SWIFT_EMIT_LOC_STRINGS = YES;
				SWIFT_VERSION = 5.0;
				TARGETED_DEVICE_FAMILY = "1,2";
			};
			name = Debug;
		};
		EC1685FA2BC85A58009B4DDC /* Release */ = {
			isa = XCBuildConfiguration;
			buildSettings = {
				ASSETCATALOG_COMPILER_APPICON_NAME = AppIcon;
				ASSETCATALOG_COMPILER_GLOBAL_ACCENT_COLOR_NAME = AccentColor;
				CODE_SIGN_ENTITLEMENTS = BoardGameHero/BoardGameHero.entitlements;
				CODE_SIGN_STYLE = Automatic;
				CURRENT_PROJECT_VERSION = 1;
				DEVELOPMENT_ASSET_PATHS = "\"BoardGameHero/Preview Content\"";
				ENABLE_PREVIEWS = YES;
				GENERATE_INFOPLIST_FILE = YES;
				"INFOPLIST_KEY_UIApplicationSceneManifest_Generation[sdk=iphoneos*]" = YES;
				"INFOPLIST_KEY_UIApplicationSceneManifest_Generation[sdk=iphonesimulator*]" = YES;
				"INFOPLIST_KEY_UIApplicationSupportsIndirectInputEvents[sdk=iphoneos*]" = YES;
				"INFOPLIST_KEY_UIApplicationSupportsIndirectInputEvents[sdk=iphonesimulator*]" = YES;
				"INFOPLIST_KEY_UILaunchScreen_Generation[sdk=iphoneos*]" = YES;
				"INFOPLIST_KEY_UILaunchScreen_Generation[sdk=iphonesimulator*]" = YES;
				"INFOPLIST_KEY_UIStatusBarStyle[sdk=iphoneos*]" = UIStatusBarStyleDefault;
				"INFOPLIST_KEY_UIStatusBarStyle[sdk=iphonesimulator*]" = UIStatusBarStyleDefault;
				INFOPLIST_KEY_UISupportedInterfaceOrientations_iPad = "UIInterfaceOrientationPortrait UIInterfaceOrientationPortraitUpsideDown UIInterfaceOrientationLandscapeLeft UIInterfaceOrientationLandscapeRight";
				INFOPLIST_KEY_UISupportedInterfaceOrientations_iPhone = "UIInterfaceOrientationPortrait UIInterfaceOrientationLandscapeLeft UIInterfaceOrientationLandscapeRight";
				IPHONEOS_DEPLOYMENT_TARGET = 16.4;
				LD_RUNPATH_SEARCH_PATHS = "@executable_path/Frameworks";
				"LD_RUNPATH_SEARCH_PATHS[sdk=macosx*]" = "@executable_path/../Frameworks";
				MACOSX_DEPLOYMENT_TARGET = 13.3;
				MARKETING_VERSION = 1.0;
				PRODUCT_BUNDLE_IDENTIFIER = smann.BoardGameHero;
				PRODUCT_NAME = "$(TARGET_NAME)";
				SDKROOT = auto;
				SUPPORTED_PLATFORMS = "iphoneos iphonesimulator macosx";
				SWIFT_EMIT_LOC_STRINGS = YES;
				SWIFT_VERSION = 5.0;
				TARGETED_DEVICE_FAMILY = "1,2";
			};
			name = Release;
		};
		EC1685FC2BC85A58009B4DDC /* Debug */ = {
			isa = XCBuildConfiguration;
			buildSettings = {
				ALWAYS_EMBED_SWIFT_STANDARD_LIBRARIES = YES;
				BUNDLE_LOADER = "$(TEST_HOST)";
				CODE_SIGN_STYLE = Automatic;
				CURRENT_PROJECT_VERSION = 1;
				GENERATE_INFOPLIST_FILE = YES;
				IPHONEOS_DEPLOYMENT_TARGET = 16.4;
				MACOSX_DEPLOYMENT_TARGET = 13.3;
				MARKETING_VERSION = 1.0;
				PRODUCT_BUNDLE_IDENTIFIER = smann.BoardGameHeroTests;
				PRODUCT_NAME = "$(TARGET_NAME)";
				SDKROOT = auto;
				SUPPORTED_PLATFORMS = "iphoneos iphonesimulator macosx";
				SWIFT_EMIT_LOC_STRINGS = NO;
				SWIFT_VERSION = 5.0;
				TARGETED_DEVICE_FAMILY = "1,2";
				TEST_HOST = "$(BUILT_PRODUCTS_DIR)/BoardGameHero.app/$(BUNDLE_EXECUTABLE_FOLDER_PATH)/BoardGameHero";
			};
			name = Debug;
		};
		EC1685FD2BC85A58009B4DDC /* Release */ = {
			isa = XCBuildConfiguration;
			buildSettings = {
				ALWAYS_EMBED_SWIFT_STANDARD_LIBRARIES = YES;
				BUNDLE_LOADER = "$(TEST_HOST)";
				CODE_SIGN_STYLE = Automatic;
				CURRENT_PROJECT_VERSION = 1;
				GENERATE_INFOPLIST_FILE = YES;
				IPHONEOS_DEPLOYMENT_TARGET = 16.4;
				MACOSX_DEPLOYMENT_TARGET = 13.3;
				MARKETING_VERSION = 1.0;
				PRODUCT_BUNDLE_IDENTIFIER = smann.BoardGameHeroTests;
				PRODUCT_NAME = "$(TARGET_NAME)";
				SDKROOT = auto;
				SUPPORTED_PLATFORMS = "iphoneos iphonesimulator macosx";
				SWIFT_EMIT_LOC_STRINGS = NO;
				SWIFT_VERSION = 5.0;
				TARGETED_DEVICE_FAMILY = "1,2";
				TEST_HOST = "$(BUILT_PRODUCTS_DIR)/BoardGameHero.app/$(BUNDLE_EXECUTABLE_FOLDER_PATH)/BoardGameHero";
			};
			name = Release;
		};
		EC1685FF2BC85A58009B4DDC /* Debug */ = {
			isa = XCBuildConfiguration;
			buildSettings = {
				ALWAYS_EMBED_SWIFT_STANDARD_LIBRARIES = YES;
				CODE_SIGN_STYLE = Automatic;
				CURRENT_PROJECT_VERSION = 1;
				GENERATE_INFOPLIST_FILE = YES;
				IPHONEOS_DEPLOYMENT_TARGET = 16.4;
				MACOSX_DEPLOYMENT_TARGET = 13.3;
				MARKETING_VERSION = 1.0;
				PRODUCT_BUNDLE_IDENTIFIER = smann.BoardGameHeroUITests;
				PRODUCT_NAME = "$(TARGET_NAME)";
				SDKROOT = auto;
				SUPPORTED_PLATFORMS = "iphoneos iphonesimulator macosx";
				SWIFT_EMIT_LOC_STRINGS = NO;
				SWIFT_VERSION = 5.0;
				TARGETED_DEVICE_FAMILY = "1,2";
				TEST_TARGET_NAME = BoardGameHero;
			};
			name = Debug;
		};
		EC1686002BC85A58009B4DDC /* Release */ = {
			isa = XCBuildConfiguration;
			buildSettings = {
				ALWAYS_EMBED_SWIFT_STANDARD_LIBRARIES = YES;
				CODE_SIGN_STYLE = Automatic;
				CURRENT_PROJECT_VERSION = 1;
				GENERATE_INFOPLIST_FILE = YES;
				IPHONEOS_DEPLOYMENT_TARGET = 16.4;
				MACOSX_DEPLOYMENT_TARGET = 13.3;
				MARKETING_VERSION = 1.0;
				PRODUCT_BUNDLE_IDENTIFIER = smann.BoardGameHeroUITests;
				PRODUCT_NAME = "$(TARGET_NAME)";
				SDKROOT = auto;
				SUPPORTED_PLATFORMS = "iphoneos iphonesimulator macosx";
				SWIFT_EMIT_LOC_STRINGS = NO;
				SWIFT_VERSION = 5.0;
				TARGETED_DEVICE_FAMILY = "1,2";
				TEST_TARGET_NAME = BoardGameHero;
			};
			name = Release;
		};
/* End XCBuildConfiguration section */

/* Begin XCConfigurationList section */
		EC1685CE2BC85A57009B4DDC /* Build configuration list for PBXProject "BoardGameHero" */ = {
			isa = XCConfigurationList;
			buildConfigurations = (
				EC1685F62BC85A58009B4DDC /* Debug */,
				EC1685F72BC85A58009B4DDC /* Release */,
			);
			defaultConfigurationIsVisible = 0;
			defaultConfigurationName = Release;
		};
		EC1685F82BC85A58009B4DDC /* Build configuration list for PBXNativeTarget "BoardGameHero" */ = {
			isa = XCConfigurationList;
			buildConfigurations = (
				EC1685F92BC85A58009B4DDC /* Debug */,
				EC1685FA2BC85A58009B4DDC /* Release */,
			);
			defaultConfigurationIsVisible = 0;
			defaultConfigurationName = Release;
		};
		EC1685FB2BC85A58009B4DDC /* Build configuration list for PBXNativeTarget "BoardGameHeroTests" */ = {
			isa = XCConfigurationList;
			buildConfigurations = (
				EC1685FC2BC85A58009B4DDC /* Debug */,
				EC1685FD2BC85A58009B4DDC /* Release */,
			);
			defaultConfigurationIsVisible = 0;
			defaultConfigurationName = Release;
		};
		EC1685FE2BC85A58009B4DDC /* Build configuration list for PBXNativeTarget "BoardGameHeroUITests" */ = {
			isa = XCConfigurationList;
			buildConfigurations = (
				EC1685FF2BC85A58009B4DDC /* Debug */,
				EC1686002BC85A58009B4DDC /* Release */,
			);
			defaultConfigurationIsVisible = 0;
			defaultConfigurationName = Release;
		};
/* End XCConfigurationList section */
	};
	rootObject = EC1685CB2BC85A57009B4DDC /* Project object */;
}
